
Microsoft Visual Studio Solution File, Format Version 12.00
# Visual Studio Version 17
Project("{8BC9CEB8-8B4A-11D0-8D11-00A0C91BC942}") = "ALL_BUILD", "ALL_BUILD.vcxproj", "{DA7966A6-D6DF-3B61-8902-B7D48ABE4EF6}"
	ProjectSection(ProjectDependencies) = postProject
		{4B6D49FA-C408-3EE6-814B-684872BFE69A} = {4B6D49FA-C408-3EE6-814B-684872BFE69A}
		{56601DB3-3BBA-3DF9-8447-2B310B286A79} = {56601DB3-3BBA-3DF9-8447-2B310B286A79}
	EndProjectSection
EndProject
Project("{8BC9CEB8-8B4A-11D0-8D11-00A0C91BC942}") = "Silencer", "Silencer.vcxproj", "{4B6D49FA-C408-3EE6-814B-684872BFE69A}"
	ProjectSection(ProjectDependencies) = postProject
		{56601DB3-3BBA-3DF9-8447-2B310B286A79} = {56601DB3-3BBA-3DF9-8447-2B310B286A79}
	EndProjectSection
EndProject
Project("{8BC9CEB8-8B4A-11D0-8D11-00A0C91BC942}") = "ZERO_CHECK", "ZERO_CHECK.vcxproj", "{56601DB3-3BBA-3DF9-8447-2B310B286A79}"
	ProjectSection(ProjectDependencies) = postProject
	EndProjectSection
EndProject
Global
	GlobalSection(SolutionConfigurationPlatforms) = preSolution
		Debug|x64 = Debug|x64
		Release|x64 = Release|x64
		MinSizeRel|x64 = MinSizeRel|x64
		RelWithDebInfo|x64 = RelWithDebInfo|x64
	EndGlobalSection
	GlobalSection(ProjectConfigurationPlatforms) = postSolution
		{DA7966A6-D6DF-3B61-8902-B7D48ABE4EF6}.Debug|x64.ActiveCfg = Debug|x64
		{DA7966A6-D6DF-3B61-8902-B7D48ABE4EF6}.Release|x64.ActiveCfg = Release|x64
		{DA7966A6-D6DF-3B61-8902-B7D48ABE4EF6}.MinSizeRel|x64.ActiveCfg = MinSizeRel|x64
		{DA7966A6-D6DF-3B61-8902-B7D48ABE4EF6}.RelWithDebInfo|x64.ActiveCfg = RelWithDebInfo|x64
		{4B6D49FA-C408-3EE6-814B-684872BFE69A}.Debug|x64.ActiveCfg = Debug|x64
		{4B6D49FA-C408-3EE6-814B-684872BFE69A}.Debug|x64.Build.0 = Debug|x64
		{4B6D49FA-C408-3EE6-814B-684872BFE69A}.Release|x64.ActiveCfg = Release|x64
		{4B6D49FA-C408-3EE6-814B-684872BFE69A}.Release|x64.Build.0 = Release|x64
		{4B6D49FA-C408-3EE6-814B-684872BFE69A}.MinSizeRel|x64.ActiveCfg = MinSizeRel|x64
		{4B6D49FA-C408-3EE6-814B-684872BFE69A}.MinSizeRel|x64.Build.0 = MinSizeRel|x64
		{4B6D49FA-C408-3EE6-814B-684872BFE69A}.RelWithDebInfo|x64.ActiveCfg = RelWithDebInfo|x64
		{4B6D49FA-C408-3EE6-814B-684872BFE69A}.RelWithDebInfo|x64.Build.0 = RelWithDebInfo|x64
		{56601DB3-3BBA-3DF9-8447-2B310B286A79}.Debug|x64.ActiveCfg = Debug|x64
		{56601DB3-3BBA-3DF9-8447-2B310B286A79}.Debug|x64.Build.0 = Debug|x64
		{56601DB3-3BBA-3DF9-8447-2B310B286A79}.Release|x64.ActiveCfg = Release|x64
		{56601DB3-3BBA-3DF9-8447-2B310B286A79}.Release|x64.Build.0 = Release|x64
		{56601DB3-3BBA-3DF9-8447-2B310B286A79}.MinSizeRel|x64.ActiveCfg = MinSizeRel|x64
		{56601DB3-3BBA-3DF9-8447-2B310B286A79}.MinSizeRel|x64.Build.0 = MinSizeRel|x64
		{56601DB3-3BBA-3DF9-8447-2B310B286A79}.RelWithDebInfo|x64.ActiveCfg = RelWithDebInfo|x64
		{56601DB3-3BBA-3DF9-8447-2B310B286A79}.RelWithDebInfo|x64.Build.0 = RelWithDebInfo|x64
	EndGlobalSection
	GlobalSection(ExtensibilityGlobals) = postSolution
		SolutionGuid = {1925F06C-3B35-3194-8C9A-8BE31B91C553}
	EndGlobalSection
	GlobalSection(ExtensibilityAddIns) = postSolution
	EndGlobalSection
EndGlobal
